
Microsoft Visual Studio Solution File, Format Version 12.00
# Visual Studio Version 16
VisualStudioVersion = 16.0.31105.61
MinimumVisualStudioVersion = 10.0.40219.1
Project("{FAE04EC0-301F-11D3-BF4B-00C04F79EFBC}") = "PlayerImplement", "PlayerImplement.csproj", "{C9BAD956-53BF-4D69-AAC3-7AEE0C8FFBD8}"
EndProject
Global
	GlobalSection(SolutionConfigurationPlatforms) = preSolution
		Debug|Any CPU = Debug|Any CPU
		Release|Any CPU = Release|Any CPU
	EndGlobalSection
	GlobalSection(ProjectConfigurationPlatforms) = postSolution
		{C9BAD956-53BF-4D69-AAC3-7AEE0C8FFBD8}.Debug|Any CPU.ActiveCfg = Debug|Any CPU
		{C9BAD956-53BF-4D69-AAC3-7AEE0C8FFBD8}.Debug|Any CPU.Build.0 = Debug|Any CPU
		{C9BAD956-53BF-4D69-AAC3-7AEE0C8FFBD8}.Release|Any CPU.ActiveCfg = Release|Any CPU
		{C9BAD956-53BF-4D69-AAC3-7AEE0C8FFBD8}.Release|Any CPU.Build.0 = Release|Any CPU
	EndGlobalSection
	GlobalSection(SolutionProperties) = preSolution
		HideSolutionNode = FALSE
	EndGlobalSection
	GlobalSection(ExtensibilityGlobals) = postSolution
		SolutionGuid = {83007F2E-6E77-4A8C-9C33-1765F42EC544}
	EndGlobalSection
EndGlobal
